{
  "name": "slum-ui",
  "version": "1.0.0",
  "lockfileVersion": 2,
  "requires": true,
  "packages": {
    "": {
      "version": "1.0.0",
      "license": "MIT",
      "workspaces": [
        "packages/*"
      ],
      "dependencies": {
        "@slum-ui/button": "1.0.0"
      }
    },
    "node_modules/@slum-ui/button": {
      "resolved": "packages/button",
      "link": true
    }
  },
  "dependencies": {
    "@slum-ui/button": {
      "version": "1.0.0"
    }
  }
}
