# This file is generated by running "yarn install" inside your project.
# Manual changes might be lost - proceed with caution!

__metadata:
  version: 4
  cacheKey: 7

"@lit/reactive-element@npm:^1.0.0-rc.2":
  version: 1.0.0-rc.2
  resolution: "@lit/reactive-element@npm:1.0.0-rc.2"
  checksum: 89f9c912341a70d8b4318b5846ac5682f4aaa6b5135e6f8d69b37eb70d928cedfd1eca2df87bf3c37e735fd283374e1f978af6a152f60e6f0ef0e5607e30c208
  languageName: node
  linkType: hard

"@types/trusted-types@npm:^1.0.1":
  version: 1.0.6
  resolution: "@types/trusted-types@npm:1.0.6"
  checksum: a2eb3e307d4fa212888285de782e96bd083dbabb991c3803aed124d50c9637529699299319ec8be301b3c5668067f6ea07785c3c6099f99d92783a3dab48de29
  languageName: node
  linkType: hard

"lit-element@npm:^3.0.0-rc.2":
  version: 3.0.0-rc.2
  resolution: "lit-element@npm:3.0.0-rc.2"
  dependencies:
    "@lit/reactive-element": ^1.0.0-rc.2
    lit-html: ^2.0.0-rc.3
  checksum: 983b1bcc2bdcafc2afbfe66fcbde49eddc379ec0e331b949b1676010eef4a9b06d1ef8b0d62077195f87d710996c257de4cbbd71f40501e81352c1f7da207bce
  languageName: node
  linkType: hard

"lit-html@npm:^2.0.0-rc.3":
  version: 2.0.0-rc.3
  resolution: "lit-html@npm:2.0.0-rc.3"
  dependencies:
    "@types/trusted-types": ^1.0.1
  checksum: 6e7f6411f1749dd925d6bb2ff9af9d9fc5bede25c6cf3ef45b7d1fcd888a43096fa6be555fee43626ea1be1c2a82a282d73ce90a7465c775aed03bc1a8398cac
  languageName: node
  linkType: hard

"lit@npm:^2.0.0-rc.2":
  version: 2.0.0-rc.2
  resolution: "lit@npm:2.0.0-rc.2"
  dependencies:
    "@lit/reactive-element": ^1.0.0-rc.2
    lit-element: ^3.0.0-rc.2
    lit-html: ^2.0.0-rc.3
  checksum: 4adc81ee8836a5d2808408931cf7b7ff8de0851513c6120d1a0b980f2eaca735044db817fbe5b810b64e12a463656fdd63e4437760e219a6011c97f74996217f
  languageName: node
  linkType: hard

"slum-component@workspace:.":
  version: 0.0.0-use.local
  resolution: "slum-component@workspace:."
  dependencies:
    lit: ^2.0.0-rc.2
  languageName: unknown
  linkType: soft
